
Microsoft Visual Studio Solution File, Format Version 12.00
# Visual Studio Version 17
VisualStudioVersion = 17.12.35527.113 d17.12
MinimumVisualStudioVersion = 10.0.40219.1
Project("{FAE04EC0-301F-11D3-BF4B-00C04F79EFBC}") = "EmployeeManagementSystem", "EmployeeManagementSystem\EmployeeManagementSystem.csproj", "{96EB716C-20C1-4EFB-9379-1C6AF14FE43F}"
EndProject
Project("{FAE04EC0-301F-11D3-BF4B-00C04F79EFBC}") = "EmployeeManagementSystem.Test", "EmployeeManagementSystem.Test\EmployeeManagementSystem.Test.csproj", "{CFAF3DEC-7DB2-4892-A0F8-C7370D40AC54}"
EndProject
Global
	GlobalSection(SolutionConfigurationPlatforms) = preSolution
		Debug|Any CPU = Debug|Any CPU
		Release|Any CPU = Release|Any CPU
	EndGlobalSection
	GlobalSection(ProjectConfigurationPlatforms) = postSolution
		{96EB716C-20C1-4EFB-9379-1C6AF14FE43F}.Debug|Any CPU.ActiveCfg = Debug|Any CPU
		{96EB716C-20C1-4EFB-9379-1C6AF14FE43F}.Debug|Any CPU.Build.0 = Debug|Any CPU
		{96EB716C-20C1-4EFB-9379-1C6AF14FE43F}.Release|Any CPU.ActiveCfg = Release|Any CPU
		{96EB716C-20C1-4EFB-9379-1C6AF14FE43F}.Release|Any CPU.Build.0 = Release|Any CPU
		{CFAF3DEC-7DB2-4892-A0F8-C7370D40AC54}.Debug|Any CPU.ActiveCfg = Debug|Any CPU
		{CFAF3DEC-7DB2-4892-A0F8-C7370D40AC54}.Debug|Any CPU.Build.0 = Debug|Any CPU
		{CFAF3DEC-7DB2-4892-A0F8-C7370D40AC54}.Release|Any CPU.ActiveCfg = Release|Any CPU
		{CFAF3DEC-7DB2-4892-A0F8-C7370D40AC54}.Release|Any CPU.Build.0 = Release|Any CPU
	EndGlobalSection
	GlobalSection(SolutionProperties) = preSolution
		HideSolutionNode = FALSE
	EndGlobalSection
EndGlobal
